
Microsoft Visual Studio Solution File, Format Version 12.00
# Visual Studio Version 17
VisualStudioVersion = 17.5.002.0
MinimumVisualStudioVersion = 10.0.40219.1
Project("{2150E333-8FDC-42A3-9474-1A3956D46DE8}") = "For-Odevler", "For-Odevler", "{3D947162-4786-479A-A603-016580C0D7BF}"
EndProject
Project("{9A19103F-16F7-4668-BE54-9A1E7A4F7556}") = "forOdevler", "For-Odevler\forOdevler\forOdevler.csproj", "{FD54B9B4-13DA-4814-A740-B89A9E002EDB}"
EndProject
Project("{9A19103F-16F7-4668-BE54-9A1E7A4F7556}") = "forOdevler_10", "For-Odevler\forOdevler_10\forOdevler_10.csproj", "{DE748D9C-82C1-4722-B15D-4433ED3EE958}"
EndProject
Project("{9A19103F-16F7-4668-BE54-9A1E7A4F7556}") = "forOdevler_2", "For-Odevler\forOdevler_2\forOdevler_2.csproj", "{4E5F8421-AEB9-4E6B-B341-DFF33F62E9DD}"
EndProject
Project("{9A19103F-16F7-4668-BE54-9A1E7A4F7556}") = "forOdevler_3", "For-Odevler\forOdevler_3\forOdevler_3.csproj", "{BC03014C-3F35-4CCE-95ED-1D69AAC15599}"
EndProject
Project("{9A19103F-16F7-4668-BE54-9A1E7A4F7556}") = "forOdevler_4", "For-Odevler\forOdevler_4\forOdevler_4.csproj", "{4DF5854C-773E-4F9C-8C34-8165C830F1E2}"
EndProject
Project("{9A19103F-16F7-4668-BE54-9A1E7A4F7556}") = "forOdevler_5", "For-Odevler\forOdevler_5\forOdevler_5.csproj", "{FD8E927A-E502-4106-B749-313B283C8F26}"
EndProject
Project("{9A19103F-16F7-4668-BE54-9A1E7A4F7556}") = "forOdevler_6", "For-Odevler\forOdevler_6\forOdevler_6.csproj", "{BC10E0D6-BA52-422A-9480-6641DE68D462}"
EndProject
Project("{9A19103F-16F7-4668-BE54-9A1E7A4F7556}") = "forOdevler_7", "For-Odevler\forOdevler_7\forOdevler_7.csproj", "{71E3A91F-B4D4-4FBA-A991-D1B86748946E}"
EndProject
Project("{9A19103F-16F7-4668-BE54-9A1E7A4F7556}") = "forOdevler_8", "For-Odevler\forOdevler_8\forOdevler_8.csproj", "{5F9555F6-5EF3-4DAA-B183-C63F12E95AB1}"
EndProject
Project("{9A19103F-16F7-4668-BE54-9A1E7A4F7556}") = "forOdevler_9", "For-Odevler\forOdevler_9\forOdevler_9.csproj", "{56BB4810-DE39-44F6-A959-FB298CFF899F}"
EndProject
Global
	GlobalSection(SolutionConfigurationPlatforms) = preSolution
		Debug|Any CPU = Debug|Any CPU
		Release|Any CPU = Release|Any CPU
	EndGlobalSection
	GlobalSection(ProjectConfigurationPlatforms) = postSolution
		{FD54B9B4-13DA-4814-A740-B89A9E002EDB}.Debug|Any CPU.ActiveCfg = Debug|Any CPU
		{FD54B9B4-13DA-4814-A740-B89A9E002EDB}.Debug|Any CPU.Build.0 = Debug|Any CPU
		{FD54B9B4-13DA-4814-A740-B89A9E002EDB}.Release|Any CPU.ActiveCfg = Release|Any CPU
		{FD54B9B4-13DA-4814-A740-B89A9E002EDB}.Release|Any CPU.Build.0 = Release|Any CPU
		{DE748D9C-82C1-4722-B15D-4433ED3EE958}.Debug|Any CPU.ActiveCfg = Debug|Any CPU
		{DE748D9C-82C1-4722-B15D-4433ED3EE958}.Debug|Any CPU.Build.0 = Debug|Any CPU
		{DE748D9C-82C1-4722-B15D-4433ED3EE958}.Release|Any CPU.ActiveCfg = Release|Any CPU
		{DE748D9C-82C1-4722-B15D-4433ED3EE958}.Release|Any CPU.Build.0 = Release|Any CPU
		{4E5F8421-AEB9-4E6B-B341-DFF33F62E9DD}.Debug|Any CPU.ActiveCfg = Debug|Any CPU
		{4E5F8421-AEB9-4E6B-B341-DFF33F62E9DD}.Debug|Any CPU.Build.0 = Debug|Any CPU
		{4E5F8421-AEB9-4E6B-B341-DFF33F62E9DD}.Release|Any CPU.ActiveCfg = Release|Any CPU
		{4E5F8421-AEB9-4E6B-B341-DFF33F62E9DD}.Release|Any CPU.Build.0 = Release|Any CPU
		{BC03014C-3F35-4CCE-95ED-1D69AAC15599}.Debug|Any CPU.ActiveCfg = Debug|Any CPU
		{BC03014C-3F35-4CCE-95ED-1D69AAC15599}.Debug|Any CPU.Build.0 = Debug|Any CPU
		{BC03014C-3F35-4CCE-95ED-1D69AAC15599}.Release|Any CPU.ActiveCfg = Release|Any CPU
		{BC03014C-3F35-4CCE-95ED-1D69AAC15599}.Release|Any CPU.Build.0 = Release|Any CPU
		{4DF5854C-773E-4F9C-8C34-8165C830F1E2}.Debug|Any CPU.ActiveCfg = Debug|Any CPU
		{4DF5854C-773E-4F9C-8C34-8165C830F1E2}.Debug|Any CPU.Build.0 = Debug|Any CPU
		{4DF5854C-773E-4F9C-8C34-8165C830F1E2}.Release|Any CPU.ActiveCfg = Release|Any CPU
		{4DF5854C-773E-4F9C-8C34-8165C830F1E2}.Release|Any CPU.Build.0 = Release|Any CPU
		{FD8E927A-E502-4106-B749-313B283C8F26}.Debug|Any CPU.ActiveCfg = Debug|Any CPU
		{FD8E927A-E502-4106-B749-313B283C8F26}.Debug|Any CPU.Build.0 = Debug|Any CPU
		{FD8E927A-E502-4106-B749-313B283C8F26}.Release|Any CPU.ActiveCfg = Release|Any CPU
		{FD8E927A-E502-4106-B749-313B283C8F26}.Release|Any CPU.Build.0 = Release|Any CPU
		{BC10E0D6-BA52-422A-9480-6641DE68D462}.Debug|Any CPU.ActiveCfg = Debug|Any CPU
		{BC10E0D6-BA52-422A-9480-6641DE68D462}.Debug|Any CPU.Build.0 = Debug|Any CPU
		{BC10E0D6-BA52-422A-9480-6641DE68D462}.Release|Any CPU.ActiveCfg = Release|Any CPU
		{BC10E0D6-BA52-422A-9480-6641DE68D462}.Release|Any CPU.Build.0 = Release|Any CPU
		{71E3A91F-B4D4-4FBA-A991-D1B86748946E}.Debug|Any CPU.ActiveCfg = Debug|Any CPU
		{71E3A91F-B4D4-4FBA-A991-D1B86748946E}.Debug|Any CPU.Build.0 = Debug|Any CPU
		{71E3A91F-B4D4-4FBA-A991-D1B86748946E}.Release|Any CPU.ActiveCfg = Release|Any CPU
		{71E3A91F-B4D4-4FBA-A991-D1B86748946E}.Release|Any CPU.Build.0 = Release|Any CPU
		{5F9555F6-5EF3-4DAA-B183-C63F12E95AB1}.Debug|Any CPU.ActiveCfg = Debug|Any CPU
		{5F9555F6-5EF3-4DAA-B183-C63F12E95AB1}.Debug|Any CPU.Build.0 = Debug|Any CPU
		{5F9555F6-5EF3-4DAA-B183-C63F12E95AB1}.Release|Any CPU.ActiveCfg = Release|Any CPU
		{5F9555F6-5EF3-4DAA-B183-C63F12E95AB1}.Release|Any CPU.Build.0 = Release|Any CPU
		{56BB4810-DE39-44F6-A959-FB298CFF899F}.Debug|Any CPU.ActiveCfg = Debug|Any CPU
		{56BB4810-DE39-44F6-A959-FB298CFF899F}.Debug|Any CPU.Build.0 = Debug|Any CPU
		{56BB4810-DE39-44F6-A959-FB298CFF899F}.Release|Any CPU.ActiveCfg = Release|Any CPU
		{56BB4810-DE39-44F6-A959-FB298CFF899F}.Release|Any CPU.Build.0 = Release|Any CPU
	EndGlobalSection
	GlobalSection(SolutionProperties) = preSolution
		HideSolutionNode = FALSE
	EndGlobalSection
	GlobalSection(NestedProjects) = preSolution
		{FD54B9B4-13DA-4814-A740-B89A9E002EDB} = {3D947162-4786-479A-A603-016580C0D7BF}
		{DE748D9C-82C1-4722-B15D-4433ED3EE958} = {3D947162-4786-479A-A603-016580C0D7BF}
		{4E5F8421-AEB9-4E6B-B341-DFF33F62E9DD} = {3D947162-4786-479A-A603-016580C0D7BF}
		{BC03014C-3F35-4CCE-95ED-1D69AAC15599} = {3D947162-4786-479A-A603-016580C0D7BF}
		{4DF5854C-773E-4F9C-8C34-8165C830F1E2} = {3D947162-4786-479A-A603-016580C0D7BF}
		{FD8E927A-E502-4106-B749-313B283C8F26} = {3D947162-4786-479A-A603-016580C0D7BF}
		{BC10E0D6-BA52-422A-9480-6641DE68D462} = {3D947162-4786-479A-A603-016580C0D7BF}
		{71E3A91F-B4D4-4FBA-A991-D1B86748946E} = {3D947162-4786-479A-A603-016580C0D7BF}
		{5F9555F6-5EF3-4DAA-B183-C63F12E95AB1} = {3D947162-4786-479A-A603-016580C0D7BF}
		{56BB4810-DE39-44F6-A959-FB298CFF899F} = {3D947162-4786-479A-A603-016580C0D7BF}
	EndGlobalSection
	GlobalSection(ExtensibilityGlobals) = postSolution
		SolutionGuid = {2C14158B-1342-429E-B1AB-C7785A9998A4}
	EndGlobalSection
EndGlobal
