
Microsoft Visual Studio Solution File, Format Version 12.00
# Visual Studio Version 17
VisualStudioVersion = 17.5.002.0
MinimumVisualStudioVersion = 10.0.40219.1
Project("{9A19103F-16F7-4668-BE54-9A1E7A4F7556}") = "Project03_Variables", "Project03_Variables.csproj", "{8F32859A-FD20-432A-9619-B4989AFBB833}"
EndProject
Global
	GlobalSection(SolutionConfigurationPlatforms) = preSolution
		Debug|Any CPU = Debug|Any CPU
		Release|Any CPU = Release|Any CPU
	EndGlobalSection
	GlobalSection(ProjectConfigurationPlatforms) = postSolution
		{8F32859A-FD20-432A-9619-B4989AFBB833}.Debug|Any CPU.ActiveCfg = Debug|Any CPU
		{8F32859A-FD20-432A-9619-B4989AFBB833}.Debug|Any CPU.Build.0 = Debug|Any CPU
		{8F32859A-FD20-432A-9619-B4989AFBB833}.Release|Any CPU.ActiveCfg = Release|Any CPU
		{8F32859A-FD20-432A-9619-B4989AFBB833}.Release|Any CPU.Build.0 = Release|Any CPU
	EndGlobalSection
	GlobalSection(SolutionProperties) = preSolution
		HideSolutionNode = FALSE
	EndGlobalSection
	GlobalSection(ExtensibilityGlobals) = postSolution
		SolutionGuid = {F262CDC1-B34A-4FC0-8702-480B91BB06DC}
	EndGlobalSection
EndGlobal
