
Microsoft Visual Studio Solution File, Format Version 12.00
# Visual Studio Version 17
VisualStudioVersion = 17.5.002.0
MinimumVisualStudioVersion = 10.0.40219.1
Project("{9A19103F-16F7-4668-BE54-9A1E7A4F7556}") = "Project01_Intro", "Project01_Intro.csproj", "{8293A9C5-7DDF-4EBB-8102-7A993EC83F2F}"
EndProject
Global
	GlobalSection(SolutionConfigurationPlatforms) = preSolution
		Debug|Any CPU = Debug|Any CPU
		Release|Any CPU = Release|Any CPU
	EndGlobalSection
	GlobalSection(ProjectConfigurationPlatforms) = postSolution
		{8293A9C5-7DDF-4EBB-8102-7A993EC83F2F}.Debug|Any CPU.ActiveCfg = Debug|Any CPU
		{8293A9C5-7DDF-4EBB-8102-7A993EC83F2F}.Debug|Any CPU.Build.0 = Debug|Any CPU
		{8293A9C5-7DDF-4EBB-8102-7A993EC83F2F}.Release|Any CPU.ActiveCfg = Release|Any CPU
		{8293A9C5-7DDF-4EBB-8102-7A993EC83F2F}.Release|Any CPU.Build.0 = Release|Any CPU
	EndGlobalSection
	GlobalSection(SolutionProperties) = preSolution
		HideSolutionNode = FALSE
	EndGlobalSection
	GlobalSection(ExtensibilityGlobals) = postSolution
		SolutionGuid = {DDDA4C51-00F7-4AB6-AA7C-416BDBB4313B}
	EndGlobalSection
EndGlobal
