
Microsoft Visual Studio Solution File, Format Version 12.00
# Visual Studio Version 17
VisualStudioVersion = 17.5.002.0
MinimumVisualStudioVersion = 10.0.40219.1
Project("{9A19103F-16F7-4668-BE54-9A1E7A4F7556}") = "06-Calculator", "06-Calculator.csproj", "{DE0545F5-0749-4064-9706-C531E1D85FD5}"
EndProject
Global
	GlobalSection(SolutionConfigurationPlatforms) = preSolution
		Debug|Any CPU = Debug|Any CPU
		Release|Any CPU = Release|Any CPU
	EndGlobalSection
	GlobalSection(ProjectConfigurationPlatforms) = postSolution
		{DE0545F5-0749-4064-9706-C531E1D85FD5}.Debug|Any CPU.ActiveCfg = Debug|Any CPU
		{DE0545F5-0749-4064-9706-C531E1D85FD5}.Debug|Any CPU.Build.0 = Debug|Any CPU
		{DE0545F5-0749-4064-9706-C531E1D85FD5}.Release|Any CPU.ActiveCfg = Release|Any CPU
		{DE0545F5-0749-4064-9706-C531E1D85FD5}.Release|Any CPU.Build.0 = Release|Any CPU
	EndGlobalSection
	GlobalSection(SolutionProperties) = preSolution
		HideSolutionNode = FALSE
	EndGlobalSection
	GlobalSection(ExtensibilityGlobals) = postSolution
		SolutionGuid = {05C80ACF-37D8-4380-8018-C2EE524F34C3}
	EndGlobalSection
EndGlobal
