
Microsoft Visual Studio Solution File, Format Version 12.00
# Visual Studio Version 17
VisualStudioVersion = 17.5.002.0
MinimumVisualStudioVersion = 10.0.40219.1
Project("{9A19103F-16F7-4668-BE54-9A1E7A4F7556}") = "Project03_Variables", "Project03_Variables.csproj", "{92BDB4CC-4103-45A5-820C-C4F89DDB1275}"
EndProject
Global
	GlobalSection(SolutionConfigurationPlatforms) = preSolution
		Debug|Any CPU = Debug|Any CPU
		Release|Any CPU = Release|Any CPU
	EndGlobalSection
	GlobalSection(ProjectConfigurationPlatforms) = postSolution
		{92BDB4CC-4103-45A5-820C-C4F89DDB1275}.Debug|Any CPU.ActiveCfg = Debug|Any CPU
		{92BDB4CC-4103-45A5-820C-C4F89DDB1275}.Debug|Any CPU.Build.0 = Debug|Any CPU
		{92BDB4CC-4103-45A5-820C-C4F89DDB1275}.Release|Any CPU.ActiveCfg = Release|Any CPU
		{92BDB4CC-4103-45A5-820C-C4F89DDB1275}.Release|Any CPU.Build.0 = Release|Any CPU
	EndGlobalSection
	GlobalSection(SolutionProperties) = preSolution
		HideSolutionNode = FALSE
	EndGlobalSection
	GlobalSection(ExtensibilityGlobals) = postSolution
		SolutionGuid = {F262CDC1-B34A-4FC0-8702-480B91BB06DC}
	EndGlobalSection
EndGlobal
